
Microsoft Visual Studio Solution File, Format Version 12.00
# Visual Studio 2013
VisualStudioVersion = 12.0.30723.0
MinimumVisualStudioVersion = 10.0.40219.1
Project("{F184B08F-C81C-45F6-A57F-5ABD9991F28F}") = "SqlTest-Forms", "SqlTest-Forms\SqlTest-Forms.vbproj", "{40FAB06F-C6A5-4061-965A-486AB9B7EDE9}"
EndProject
Global
	GlobalSection(SolutionConfigurationPlatforms) = preSolution
		Debug|Any CPU = Debug|Any CPU
		Release|Any CPU = Release|Any CPU
	EndGlobalSection
	GlobalSection(ProjectConfigurationPlatforms) = postSolution
		{40FAB06F-C6A5-4061-965A-486AB9B7EDE9}.Debug|Any CPU.ActiveCfg = Debug|Any CPU
		{40FAB06F-C6A5-4061-965A-486AB9B7EDE9}.Debug|Any CPU.Build.0 = Debug|Any CPU
		{40FAB06F-C6A5-4061-965A-486AB9B7EDE9}.Release|Any CPU.ActiveCfg = Release|Any CPU
		{40FAB06F-C6A5-4061-965A-486AB9B7EDE9}.Release|Any CPU.Build.0 = Release|Any CPU
	EndGlobalSection
	GlobalSection(SolutionProperties) = preSolution
		HideSolutionNode = FALSE
	EndGlobalSection
EndGlobal
